
Microsoft Visual Studio Solution File, Format Version 12.00
# Visual Studio Version 16
VisualStudioVersion = 16.0.31313.79
MinimumVisualStudioVersion = 10.0.40219.1
Project("{FAE04EC0-301F-11D3-BF4B-00C04F79EFBC}") = "PL", "PL.csproj", "{F95D9514-5903-4EE8-8AED-763A3460856C}"
EndProject
Project("{FAE04EC0-301F-11D3-BF4B-00C04F79EFBC}") = "DAL", "..\DAL\DAL.csproj", "{C85382B4-006D-47BD-9839-FB51D8544AB9}"
EndProject
Project("{FAE04EC0-301F-11D3-BF4B-00C04F79EFBC}") = "BLL", "..\BLL\BLL.csproj", "{01EA74F0-985B-4215-BDFC-DB015665BE82}"
EndProject
Global
	GlobalSection(SolutionConfigurationPlatforms) = preSolution
		Debug|Any CPU = Debug|Any CPU
		Release|Any CPU = Release|Any CPU
	EndGlobalSection
	GlobalSection(ProjectConfigurationPlatforms) = postSolution
		{F95D9514-5903-4EE8-8AED-763A3460856C}.Debug|Any CPU.ActiveCfg = Debug|Any CPU
		{F95D9514-5903-4EE8-8AED-763A3460856C}.Debug|Any CPU.Build.0 = Debug|Any CPU
		{F95D9514-5903-4EE8-8AED-763A3460856C}.Release|Any CPU.ActiveCfg = Release|Any CPU
		{F95D9514-5903-4EE8-8AED-763A3460856C}.Release|Any CPU.Build.0 = Release|Any CPU
		{C85382B4-006D-47BD-9839-FB51D8544AB9}.Debug|Any CPU.ActiveCfg = Debug|Any CPU
		{C85382B4-006D-47BD-9839-FB51D8544AB9}.Debug|Any CPU.Build.0 = Debug|Any CPU
		{C85382B4-006D-47BD-9839-FB51D8544AB9}.Release|Any CPU.ActiveCfg = Release|Any CPU
		{C85382B4-006D-47BD-9839-FB51D8544AB9}.Release|Any CPU.Build.0 = Release|Any CPU
		{01EA74F0-985B-4215-BDFC-DB015665BE82}.Debug|Any CPU.ActiveCfg = Debug|Any CPU
		{01EA74F0-985B-4215-BDFC-DB015665BE82}.Debug|Any CPU.Build.0 = Debug|Any CPU
		{01EA74F0-985B-4215-BDFC-DB015665BE82}.Release|Any CPU.ActiveCfg = Release|Any CPU
		{01EA74F0-985B-4215-BDFC-DB015665BE82}.Release|Any CPU.Build.0 = Release|Any CPU
	EndGlobalSection
	GlobalSection(SolutionProperties) = preSolution
		HideSolutionNode = FALSE
	EndGlobalSection
	GlobalSection(ExtensibilityGlobals) = postSolution
		SolutionGuid = {A8403BF9-8B3F-4978-BAD8-84921AC8656E}
	EndGlobalSection
EndGlobal
